// !$*UTF8*$!
{
	archiveVersion = 1;
	classes = {
	};
	objectVersion = 50;
	objects = {

/* Begin PBXBuildFile section */
		490EA46523FC827100953123 /* Rating.swift in Sources */ = {isa = PBXBuildFile; fileRef = 490EA46423FC827100953123 /* Rating.swift */; };
		4942DBAE23FF32ED00ECC72D /* season_4.json in Resources */ = {isa = PBXBuildFile; fileRef = 4942DBA423FF32ED00ECC72D /* season_4.json */; };
		4942DBAF23FF32ED00ECC72D /* season_8.json in Resources */ = {isa = PBXBuildFile; fileRef = 4942DBA523FF32ED00ECC72D /* season_8.json */; };
		4942DBB023FF32ED00ECC72D /* season_5.json in Resources */ = {isa = PBXBuildFile; fileRef = 4942DBA623FF32ED00ECC72D /* season_5.json */; };
		4942DBB123FF32ED00ECC72D /* season_2.json in Resources */ = {isa = PBXBuildFile; fileRef = 4942DBA723FF32ED00ECC72D /* season_2.json */; };
		4942DBB223FF32ED00ECC72D /* cast.json in Resources */ = {isa = PBXBuildFile; fileRef = 4942DBA823FF32ED00ECC72D /* cast.json */; };
		4942DBB323FF32ED00ECC72D /* season_3.json in Resources */ = {isa = PBXBuildFile; fileRef = 4942DBA923FF32ED00ECC72D /* season_3.json */; };
		4942DBB423FF32ED00ECC72D /* houses.json in Resources */ = {isa = PBXBuildFile; fileRef = 4942DBAA23FF32ED00ECC72D /* houses.json */; };
		4942DBB523FF32ED00ECC72D /* season_1.json in Resources */ = {isa = PBXBuildFile; fileRef = 4942DBAB23FF32ED00ECC72D /* season_1.json */; };
		4942DBB623FF32ED00ECC72D /* season_6.json in Resources */ = {isa = PBXBuildFile; fileRef = 4942DBAC23FF32ED00ECC72D /* season_6.json */; };
		4942DBB723FF32ED00ECC72D /* season_7.json in Resources */ = {isa = PBXBuildFile; fileRef = 4942DBAD23FF32ED00ECC72D /* season_7.json */; };
		4956F8EA24044B7C00E3F0D5 /* Identifiable.swift in Sources */ = {isa = PBXBuildFile; fileRef = 4956F8E924044B7C00E3F0D5 /* Identifiable.swift */; };
		4956F8F024044E1900E3F0D5 /* ReusableView.swift in Sources */ = {isa = PBXBuildFile; fileRef = 4956F8EF24044E1900E3F0D5 /* ReusableView.swift */; };
		4956F8F224044E2F00E3F0D5 /* NibLoadableView.swift in Sources */ = {isa = PBXBuildFile; fileRef = 4956F8F124044E2F00E3F0D5 /* NibLoadableView.swift */; };
		4956F8F724044F6200E3F0D5 /* UIColor.swift in Sources */ = {isa = PBXBuildFile; fileRef = 4956F8F624044F6200E3F0D5 /* UIColor.swift */; };
		4956F8FA24044FD200E3F0D5 /* Colors.xcassets in Resources */ = {isa = PBXBuildFile; fileRef = 4956F8F924044FD200E3F0D5 /* Colors.xcassets */; };
		4989F57723F34BCE0058EF88 /* AppDelegate.swift in Sources */ = {isa = PBXBuildFile; fileRef = 4989F57623F34BCE0058EF88 /* AppDelegate.swift */; };
		4989F57923F34BCE0058EF88 /* SceneDelegate.swift in Sources */ = {isa = PBXBuildFile; fileRef = 4989F57823F34BCE0058EF88 /* SceneDelegate.swift */; };
		4989F58023F34BD20058EF88 /* Assets.xcassets in Resources */ = {isa = PBXBuildFile; fileRef = 4989F57F23F34BD20058EF88 /* Assets.xcassets */; };
		4989F58323F34BD20058EF88 /* LaunchScreen.storyboard in Resources */ = {isa = PBXBuildFile; fileRef = 4989F58123F34BD20058EF88 /* LaunchScreen.storyboard */; };
		4989F58E23F34BD30058EF88 /* AppOfThronesTests.swift in Sources */ = {isa = PBXBuildFile; fileRef = 4989F58D23F34BD30058EF88 /* AppOfThronesTests.swift */; };
		4989F59923F35E430058EF88 /* RateViewController.swift in Sources */ = {isa = PBXBuildFile; fileRef = 4989F59823F35E430058EF88 /* RateViewController.swift */; };
		4989F59B23F35E890058EF88 /* RateViewController.xib in Resources */ = {isa = PBXBuildFile; fileRef = 4989F59A23F35E890058EF88 /* RateViewController.xib */; };
		49A45C4E23FB31D100474F8D /* EpisodeTableViewCell.swift in Sources */ = {isa = PBXBuildFile; fileRef = 49A45C4C23FB31D100474F8D /* EpisodeTableViewCell.swift */; };
		49A45C4F23FB31D100474F8D /* EpisodeTableViewCell.xib in Resources */ = {isa = PBXBuildFile; fileRef = 49A45C4D23FB31D100474F8D /* EpisodeTableViewCell.xib */; };
		49A45C5223FB488300474F8D /* CastTableViewCell.swift in Sources */ = {isa = PBXBuildFile; fileRef = 49A45C5023FB488300474F8D /* CastTableViewCell.swift */; };
		49A45C5323FB488300474F8D /* CastTableViewCell.xib in Resources */ = {isa = PBXBuildFile; fileRef = 49A45C5123FB488300474F8D /* CastTableViewCell.xib */; };
		49A45C5523FB4B4800474F8D /* Cast.swift in Sources */ = {isa = PBXBuildFile; fileRef = 49A45C5423FB4B4800474F8D /* Cast.swift */; };
		49A45C5723FB54F700474F8D /* House.swift in Sources */ = {isa = PBXBuildFile; fileRef = 49A45C5623FB54F700474F8D /* House.swift */; };
		49A45C5923FB556500474F8D /* DataController.swift in Sources */ = {isa = PBXBuildFile; fileRef = 49A45C5823FB556500474F8D /* DataController.swift */; };
		49BAF29A23F5F09D005B5534 /* EpisodesViewController.xib in Resources */ = {isa = PBXBuildFile; fileRef = 49BAF29823F5F09D005B5534 /* EpisodesViewController.xib */; };
		49BAF29D23F5F419005B5534 /* Episode.swift in Sources */ = {isa = PBXBuildFile; fileRef = 49BAF29C23F5F419005B5534 /* Episode.swift */; };
		49BAF2A223F60214005B5534 /* CastViewController.swift in Sources */ = {isa = PBXBuildFile; fileRef = 49BAF2A023F60214005B5534 /* CastViewController.swift */; };
		49BAF2A323F60214005B5534 /* CastViewController.xib in Resources */ = {isa = PBXBuildFile; fileRef = 49BAF2A123F60214005B5534 /* CastViewController.xib */; };
		49BAF2A623F602A7005B5534 /* SettingsViewController.swift in Sources */ = {isa = PBXBuildFile; fileRef = 49BAF2A423F602A7005B5534 /* SettingsViewController.swift */; };
		49BAF2A723F602A7005B5534 /* SettingsViewController.xib in Resources */ = {isa = PBXBuildFile; fileRef = 49BAF2A523F602A7005B5534 /* SettingsViewController.xib */; };
		49BAF2AF23F60938005B5534 /* HouseViewController.swift in Sources */ = {isa = PBXBuildFile; fileRef = 49BAF2AD23F60938005B5534 /* HouseViewController.swift */; };
		49BAF2B023F60938005B5534 /* HouseViewController.xib in Resources */ = {isa = PBXBuildFile; fileRef = 49BAF2AE23F60938005B5534 /* HouseViewController.xib */; };
		49BCA10F24046CB600498F29 /* Constants.swift in Sources */ = {isa = PBXBuildFile; fileRef = 49BCA10E24046CB600498F29 /* Constants.swift */; };
		49BCA112240471C600498F29 /* MainTabBarController.swift in Sources */ = {isa = PBXBuildFile; fileRef = 49BCA111240471C600498F29 /* MainTabBarController.swift */; };
		49D0379023FC6B7100B80379 /* HouseTableViewCell.swift in Sources */ = {isa = PBXBuildFile; fileRef = 49D0378E23FC6B7100B80379 /* HouseTableViewCell.swift */; };
		49D0379123FC6B7100B80379 /* HouseTableViewCell.xib in Resources */ = {isa = PBXBuildFile; fileRef = 49D0378F23FC6B7100B80379 /* HouseTableViewCell.xib */; };
		49F8AFE124045319009E4BD3 /* EpisodesViewController.swift in Sources */ = {isa = PBXBuildFile; fileRef = 49F8AFE024045319009E4BD3 /* EpisodesViewController.swift */; };
/* End PBXBuildFile section */

/* Begin PBXContainerItemProxy section */
		4989F58A23F34BD30058EF88 /* PBXContainerItemProxy */ = {
			isa = PBXContainerItemProxy;
			containerPortal = 4989F56B23F34BCE0058EF88 /* Project object */;
			proxyType = 1;
			remoteGlobalIDString = 4989F57223F34BCE0058EF88;
			remoteInfo = AppOfThrones;
		};
/* End PBXContainerItemProxy section */

/* Begin PBXFileReference section */
		490EA46423FC827100953123 /* Rating.swift */ = {isa = PBXFileReference; lastKnownFileType = sourcecode.swift; path = Rating.swift; sourceTree = "<group>"; };
		4942DBA423FF32ED00ECC72D /* season_4.json */ = {isa = PBXFileReference; fileEncoding = 4; lastKnownFileType = text.json; path = season_4.json; sourceTree = "<group>"; };
		4942DBA523FF32ED00ECC72D /* season_8.json */ = {isa = PBXFileReference; fileEncoding = 4; lastKnownFileType = text.json; path = season_8.json; sourceTree = "<group>"; };
		4942DBA623FF32ED00ECC72D /* season_5.json */ = {isa = PBXFileReference; fileEncoding = 4; lastKnownFileType = text.json; path = season_5.json; sourceTree = "<group>"; };
		4942DBA723FF32ED00ECC72D /* season_2.json */ = {isa = PBXFileReference; fileEncoding = 4; lastKnownFileType = text.json; path = season_2.json; sourceTree = "<group>"; };
		4942DBA823FF32ED00ECC72D /* cast.json */ = {isa = PBXFileReference; fileEncoding = 4; lastKnownFileType = text.json; path = cast.json; sourceTree = "<group>"; };
		4942DBA923FF32ED00ECC72D /* season_3.json */ = {isa = PBXFileReference; fileEncoding = 4; lastKnownFileType = text.json; path = season_3.json; sourceTree = "<group>"; };
		4942DBAA23FF32ED00ECC72D /* houses.json */ = {isa = PBXFileReference; fileEncoding = 4; lastKnownFileType = text.json; path = houses.json; sourceTree = "<group>"; };
		4942DBAB23FF32ED00ECC72D /* season_1.json */ = {isa = PBXFileReference; fileEncoding = 4; lastKnownFileType = text.json; path = season_1.json; sourceTree = "<group>"; };
		4942DBAC23FF32ED00ECC72D /* season_6.json */ = {isa = PBXFileReference; fileEncoding = 4; lastKnownFileType = text.json; path = season_6.json; sourceTree = "<group>"; };
		4942DBAD23FF32ED00ECC72D /* season_7.json */ = {isa = PBXFileReference; fileEncoding = 4; lastKnownFileType = text.json; path = season_7.json; sourceTree = "<group>"; };
		4956F8E924044B7C00E3F0D5 /* Identifiable.swift */ = {isa = PBXFileReference; lastKnownFileType = sourcecode.swift; path = Identifiable.swift; sourceTree = "<group>"; };
		4956F8EF24044E1900E3F0D5 /* ReusableView.swift */ = {isa = PBXFileReference; lastKnownFileType = sourcecode.swift; path = ReusableView.swift; sourceTree = "<group>"; };
		4956F8F124044E2F00E3F0D5 /* NibLoadableView.swift */ = {isa = PBXFileReference; lastKnownFileType = sourcecode.swift; path = NibLoadableView.swift; sourceTree = "<group>"; };
		4956F8F624044F6200E3F0D5 /* UIColor.swift */ = {isa = PBXFileReference; lastKnownFileType = sourcecode.swift; path = UIColor.swift; sourceTree = "<group>"; };
		4956F8F924044FD200E3F0D5 /* Colors.xcassets */ = {isa = PBXFileReference; lastKnownFileType = folder.assetcatalog; path = Colors.xcassets; sourceTree = "<group>"; };
		4989F57323F34BCE0058EF88 /* AppOfThrones.app */ = {isa = PBXFileReference; explicitFileType = wrapper.application; includeInIndex = 0; path = AppOfThrones.app; sourceTree = BUILT_PRODUCTS_DIR; };
		4989F57623F34BCE0058EF88 /* AppDelegate.swift */ = {isa = PBXFileReference; lastKnownFileType = sourcecode.swift; path = AppDelegate.swift; sourceTree = "<group>"; };
		4989F57823F34BCE0058EF88 /* SceneDelegate.swift */ = {isa = PBXFileReference; lastKnownFileType = sourcecode.swift; path = SceneDelegate.swift; sourceTree = "<group>"; };
		4989F57F23F34BD20058EF88 /* Assets.xcassets */ = {isa = PBXFileReference; lastKnownFileType = folder.assetcatalog; path = Assets.xcassets; sourceTree = "<group>"; };
		4989F58223F34BD20058EF88 /* Base */ = {isa = PBXFileReference; lastKnownFileType = file.storyboard; name = Base; path = Base.lproj/LaunchScreen.storyboard; sourceTree = "<group>"; };
		4989F58423F34BD20058EF88 /* Info.plist */ = {isa = PBXFileReference; lastKnownFileType = text.plist.xml; path = Info.plist; sourceTree = "<group>"; };
		4989F58923F34BD30058EF88 /* AppOfThronesTests.xctest */ = {isa = PBXFileReference; explicitFileType = wrapper.cfbundle; includeInIndex = 0; path = AppOfThronesTests.xctest; sourceTree = BUILT_PRODUCTS_DIR; };
		4989F58D23F34BD30058EF88 /* AppOfThronesTests.swift */ = {isa = PBXFileReference; lastKnownFileType = sourcecode.swift; path = AppOfThronesTests.swift; sourceTree = "<group>"; };
		4989F58F23F34BD30058EF88 /* Info.plist */ = {isa = PBXFileReference; lastKnownFileType = text.plist.xml; path = Info.plist; sourceTree = "<group>"; };
		4989F59823F35E430058EF88 /* RateViewController.swift */ = {isa = PBXFileReference; lastKnownFileType = sourcecode.swift; path = RateViewController.swift; sourceTree = "<group>"; };
		4989F59A23F35E890058EF88 /* RateViewController.xib */ = {isa = PBXFileReference; lastKnownFileType = file.xib; path = RateViewController.xib; sourceTree = "<group>"; };
		49A45C4C23FB31D100474F8D /* EpisodeTableViewCell.swift */ = {isa = PBXFileReference; lastKnownFileType = sourcecode.swift; path = EpisodeTableViewCell.swift; sourceTree = "<group>"; };
		49A45C4D23FB31D100474F8D /* EpisodeTableViewCell.xib */ = {isa = PBXFileReference; lastKnownFileType = file.xib; path = EpisodeTableViewCell.xib; sourceTree = "<group>"; };
		49A45C5023FB488300474F8D /* CastTableViewCell.swift */ = {isa = PBXFileReference; lastKnownFileType = sourcecode.swift; path = CastTableViewCell.swift; sourceTree = "<group>"; };
		49A45C5123FB488300474F8D /* CastTableViewCell.xib */ = {isa = PBXFileReference; lastKnownFileType = file.xib; path = CastTableViewCell.xib; sourceTree = "<group>"; };
		49A45C5423FB4B4800474F8D /* Cast.swift */ = {isa = PBXFileReference; lastKnownFileType = sourcecode.swift; path = Cast.swift; sourceTree = "<group>"; };
		49A45C5623FB54F700474F8D /* House.swift */ = {isa = PBXFileReference; lastKnownFileType = sourcecode.swift; path = House.swift; sourceTree = "<group>"; };
		49A45C5823FB556500474F8D /* DataController.swift */ = {isa = PBXFileReference; lastKnownFileType = sourcecode.swift; path = DataController.swift; sourceTree = "<group>"; };
		49BAF29823F5F09D005B5534 /* EpisodesViewController.xib */ = {isa = PBXFileReference; lastKnownFileType = file.xib; path = EpisodesViewController.xib; sourceTree = "<group>"; };
		49BAF29C23F5F419005B5534 /* Episode.swift */ = {isa = PBXFileReference; lastKnownFileType = sourcecode.swift; path = Episode.swift; sourceTree = "<group>"; };
		49BAF2A023F60214005B5534 /* CastViewController.swift */ = {isa = PBXFileReference; lastKnownFileType = sourcecode.swift; path = CastViewController.swift; sourceTree = "<group>"; };
		49BAF2A123F60214005B5534 /* CastViewController.xib */ = {isa = PBXFileReference; lastKnownFileType = file.xib; path = CastViewController.xib; sourceTree = "<group>"; };
		49BAF2A423F602A7005B5534 /* SettingsViewController.swift */ = {isa = PBXFileReference; lastKnownFileType = sourcecode.swift; path = SettingsViewController.swift; sourceTree = "<group>"; };
		49BAF2A523F602A7005B5534 /* SettingsViewController.xib */ = {isa = PBXFileReference; lastKnownFileType = file.xib; path = SettingsViewController.xib; sourceTree = "<group>"; };
		49BAF2AD23F60938005B5534 /* HouseViewController.swift */ = {isa = PBXFileReference; lastKnownFileType = sourcecode.swift; path = HouseViewController.swift; sourceTree = "<group>"; };
		49BAF2AE23F60938005B5534 /* HouseViewController.xib */ = {isa = PBXFileReference; lastKnownFileType = file.xib; path = HouseViewController.xib; sourceTree = "<group>"; };
		49BCA10E24046CB600498F29 /* Constants.swift */ = {isa = PBXFileReference; lastKnownFileType = sourcecode.swift; path = Constants.swift; sourceTree = "<group>"; };
		49BCA111240471C600498F29 /* MainTabBarController.swift */ = {isa = PBXFileReference; lastKnownFileType = sourcecode.swift; path = MainTabBarController.swift; sourceTree = "<group>"; };
		49D0378E23FC6B7100B80379 /* HouseTableViewCell.swift */ = {isa = PBXFileReference; lastKnownFileType = sourcecode.swift; path = HouseTableViewCell.swift; sourceTree = "<group>"; };
		49D0378F23FC6B7100B80379 /* HouseTableViewCell.xib */ = {isa = PBXFileReference; lastKnownFileType = file.xib; path = HouseTableViewCell.xib; sourceTree = "<group>"; };
		49F8AFE024045319009E4BD3 /* EpisodesViewController.swift */ = {isa = PBXFileReference; lastKnownFileType = sourcecode.swift; path = EpisodesViewController.swift; sourceTree = "<group>"; };
/* End PBXFileReference section */

/* Begin PBXFrameworksBuildPhase section */
		4989F57023F34BCE0058EF88 /* Frameworks */ = {
			isa = PBXFrameworksBuildPhase;
			buildActionMask = 2147483647;
			files = (
			);
			runOnlyForDeploymentPostprocessing = 0;
		};
		4989F58623F34BD30058EF88 /* Frameworks */ = {
			isa = PBXFrameworksBuildPhase;
			buildActionMask = 2147483647;
			files = (
			);
			runOnlyForDeploymentPostprocessing = 0;
		};
/* End PBXFrameworksBuildPhase section */

/* Begin PBXGroup section */
		4942DBA323FF32ED00ECC72D /* Jsons */ = {
			isa = PBXGroup;
			children = (
				4942DBA823FF32ED00ECC72D /* cast.json */,
				4942DBAA23FF32ED00ECC72D /* houses.json */,
				4942DBAB23FF32ED00ECC72D /* season_1.json */,
				4942DBA723FF32ED00ECC72D /* season_2.json */,
				4942DBA923FF32ED00ECC72D /* season_3.json */,
				4942DBA423FF32ED00ECC72D /* season_4.json */,
				4942DBA623FF32ED00ECC72D /* season_5.json */,
				4942DBAC23FF32ED00ECC72D /* season_6.json */,
				4942DBAD23FF32ED00ECC72D /* season_7.json */,
				4942DBA523FF32ED00ECC72D /* season_8.json */,
			);
			path = Jsons;
			sourceTree = "<group>";
		};
		4956F8E524044B2100E3F0D5 /* Scenes */ = {
			isa = PBXGroup;
			children = (
				49BAF29E23F601DD005B5534 /* Cast */,
				49BAF29623F5F07A005B5534 /* Episodes */,
				49BAF2AC23F6082A005B5534 /* Houses */,
				49BCA1102404716600498F29 /* Main */,
				49BAF29F23F601F7005B5534 /* Settings */,
			);
			path = Scenes;
			sourceTree = "<group>";
		};
		4956F8E624044B3C00E3F0D5 /* Commons */ = {
			isa = PBXGroup;
			children = (
				4956F8E824044B5F00E3F0D5 /* Extensions */,
				4956F8E724044B5700E3F0D5 /* Protocols */,
				49BCA10E24046CB600498F29 /* Constants.swift */,
				49A45C5823FB556500474F8D /* DataController.swift */,
			);
			path = Commons;
			sourceTree = "<group>";
		};
		4956F8E724044B5700E3F0D5 /* Protocols */ = {
			isa = PBXGroup;
			children = (
				4956F8E924044B7C00E3F0D5 /* Identifiable.swift */,
				4956F8F124044E2F00E3F0D5 /* NibLoadableView.swift */,
				4956F8EF24044E1900E3F0D5 /* ReusableView.swift */,
			);
			path = Protocols;
			sourceTree = "<group>";
		};
		4956F8E824044B5F00E3F0D5 /* Extensions */ = {
			isa = PBXGroup;
			children = (
				4956F8F624044F6200E3F0D5 /* UIColor.swift */,
			);
			path = Extensions;
			sourceTree = "<group>";
		};
		4956F8F324044EF600E3F0D5 /* Cell */ = {
			isa = PBXGroup;
			children = (
				49A45C5023FB488300474F8D /* CastTableViewCell.swift */,
				49A45C5123FB488300474F8D /* CastTableViewCell.xib */,
			);
			path = Cell;
			sourceTree = "<group>";
		};
		4956F8F424044F0200E3F0D5 /* Cell */ = {
			isa = PBXGroup;
			children = (
				49A45C4C23FB31D100474F8D /* EpisodeTableViewCell.swift */,
				49A45C4D23FB31D100474F8D /* EpisodeTableViewCell.xib */,
			);
			path = Cell;
			sourceTree = "<group>";
		};
		4956F8F524044F1000E3F0D5 /* Cell */ = {
			isa = PBXGroup;
			children = (
				49D0378E23FC6B7100B80379 /* HouseTableViewCell.swift */,
				49D0378F23FC6B7100B80379 /* HouseTableViewCell.xib */,
			);
			path = Cell;
			sourceTree = "<group>";
		};
		4956F8F824044FA700E3F0D5 /* Resources */ = {
			isa = PBXGroup;
			children = (
				4989F57F23F34BD20058EF88 /* Assets.xcassets */,
				4956F8F924044FD200E3F0D5 /* Colors.xcassets */,
			);
			path = Resources;
			sourceTree = "<group>";
		};
		4956F8FB2404509500E3F0D5 /* Rate */ = {
			isa = PBXGroup;
			children = (
				4989F59823F35E430058EF88 /* RateViewController.swift */,
				4989F59A23F35E890058EF88 /* RateViewController.xib */,
			);
			path = Rate;
			sourceTree = "<group>";
		};
		4989F56A23F34BCE0058EF88 = {
			isa = PBXGroup;
			children = (
				4989F57523F34BCE0058EF88 /* AppOfThrones */,
				4989F58C23F34BD30058EF88 /* AppOfThronesTests */,
				4989F57423F34BCE0058EF88 /* Products */,
			);
			sourceTree = "<group>";
		};
		4989F57423F34BCE0058EF88 /* Products */ = {
			isa = PBXGroup;
			children = (
				4989F57323F34BCE0058EF88 /* AppOfThrones.app */,
				4989F58923F34BD30058EF88 /* AppOfThronesTests.xctest */,
			);
			name = Products;
			sourceTree = "<group>";
		};
		4989F57523F34BCE0058EF88 /* AppOfThrones */ = {
			isa = PBXGroup;
			children = (
				4956F8E624044B3C00E3F0D5 /* Commons */,
				49BAF29B23F5F3E7005B5534 /* Model */,
				4956F8E524044B2100E3F0D5 /* Scenes */,
				4956F8F824044FA700E3F0D5 /* Resources */,
				4942DBA323FF32ED00ECC72D /* Jsons */,
				4989F57623F34BCE0058EF88 /* AppDelegate.swift */,
				4989F57823F34BCE0058EF88 /* SceneDelegate.swift */,
				4989F58123F34BD20058EF88 /* LaunchScreen.storyboard */,
				4989F58423F34BD20058EF88 /* Info.plist */,
			);
			path = AppOfThrones;
			sourceTree = "<group>";
		};
		4989F58C23F34BD30058EF88 /* AppOfThronesTests */ = {
			isa = PBXGroup;
			children = (
				4989F58D23F34BD30058EF88 /* AppOfThronesTests.swift */,
				4989F58F23F34BD30058EF88 /* Info.plist */,
			);
			path = AppOfThronesTests;
			sourceTree = "<group>";
		};
		49BAF29623F5F07A005B5534 /* Episodes */ = {
			isa = PBXGroup;
			children = (
				4956F8F424044F0200E3F0D5 /* Cell */,
				4956F8FB2404509500E3F0D5 /* Rate */,
				49F8AFE024045319009E4BD3 /* EpisodesViewController.swift */,
				49BAF29823F5F09D005B5534 /* EpisodesViewController.xib */,
			);
			path = Episodes;
			sourceTree = "<group>";
		};
		49BAF29B23F5F3E7005B5534 /* Model */ = {
			isa = PBXGroup;
			children = (
				49BAF29C23F5F419005B5534 /* Episode.swift */,
				49A45C5423FB4B4800474F8D /* Cast.swift */,
				49A45C5623FB54F700474F8D /* House.swift */,
				490EA46423FC827100953123 /* Rating.swift */,
			);
			path = Model;
			sourceTree = "<group>";
		};
		49BAF29E23F601DD005B5534 /* Cast */ = {
			isa = PBXGroup;
			children = (
				4956F8F324044EF600E3F0D5 /* Cell */,
				49BAF2A023F60214005B5534 /* CastViewController.swift */,
				49BAF2A123F60214005B5534 /* CastViewController.xib */,
			);
			path = Cast;
			sourceTree = "<group>";
		};
		49BAF29F23F601F7005B5534 /* Settings */ = {
			isa = PBXGroup;
			children = (
				49BAF2A423F602A7005B5534 /* SettingsViewController.swift */,
				49BAF2A523F602A7005B5534 /* SettingsViewController.xib */,
			);
			path = Settings;
			sourceTree = "<group>";
		};
		49BAF2AC23F6082A005B5534 /* Houses */ = {
			isa = PBXGroup;
			children = (
				4956F8F524044F1000E3F0D5 /* Cell */,
				49BAF2AD23F60938005B5534 /* HouseViewController.swift */,
				49BAF2AE23F60938005B5534 /* HouseViewController.xib */,
			);
			path = Houses;
			sourceTree = "<group>";
		};
		49BCA1102404716600498F29 /* Main */ = {
			isa = PBXGroup;
			children = (
				49BCA111240471C600498F29 /* MainTabBarController.swift */,
			);
			path = Main;
			sourceTree = "<group>";
		};
/* End PBXGroup section */

/* Begin PBXNativeTarget section */
		4989F57223F34BCE0058EF88 /* AppOfThrones */ = {
			isa = PBXNativeTarget;
			buildConfigurationList = 4989F59223F34BD30058EF88 /* Build configuration list for PBXNativeTarget "AppOfThrones" */;
			buildPhases = (
				4989F56F23F34BCE0058EF88 /* Sources */,
				4989F57023F34BCE0058EF88 /* Frameworks */,
				4989F57123F34BCE0058EF88 /* Resources */,
			);
			buildRules = (
			);
			dependencies = (
			);
			name = AppOfThrones;
			productName = AppOfThrones;
			productReference = 4989F57323F34BCE0058EF88 /* AppOfThrones.app */;
			productType = "com.apple.product-type.application";
		};
		4989F58823F34BD30058EF88 /* AppOfThronesTests */ = {
			isa = PBXNativeTarget;
			buildConfigurationList = 4989F59523F34BD30058EF88 /* Build configuration list for PBXNativeTarget "AppOfThronesTests" */;
			buildPhases = (
				4989F58523F34BD30058EF88 /* Sources */,
				4989F58623F34BD30058EF88 /* Frameworks */,
				4989F58723F34BD30058EF88 /* Resources */,
			);
			buildRules = (
			);
			dependencies = (
				4989F58B23F34BD30058EF88 /* PBXTargetDependency */,
			);
			name = AppOfThronesTests;
			productName = AppOfThronesTests;
			productReference = 4989F58923F34BD30058EF88 /* AppOfThronesTests.xctest */;
			productType = "com.apple.product-type.bundle.unit-test";
		};
/* End PBXNativeTarget section */

/* Begin PBXProject section */
		4989F56B23F34BCE0058EF88 /* Project object */ = {
			isa = PBXProject;
			attributes = {
				LastSwiftUpdateCheck = 1130;
				LastUpgradeCheck = 1130;
				ORGANIZATIONNAME = "Javier Laguna";
				TargetAttributes = {
					4989F57223F34BCE0058EF88 = {
						CreatedOnToolsVersion = 11.3.1;
					};
					4989F58823F34BD30058EF88 = {
						CreatedOnToolsVersion = 11.3.1;
						TestTargetID = 4989F57223F34BCE0058EF88;
					};
				};
			};
			buildConfigurationList = 4989F56E23F34BCE0058EF88 /* Build configuration list for PBXProject "AppOfThrones" */;
			compatibilityVersion = "Xcode 9.3";
			developmentRegion = en;
			hasScannedForEncodings = 0;
			knownRegions = (
				en,
				Base,
			);
			mainGroup = 4989F56A23F34BCE0058EF88;
			productRefGroup = 4989F57423F34BCE0058EF88 /* Products */;
			projectDirPath = "";
			projectRoot = "";
			targets = (
				4989F57223F34BCE0058EF88 /* AppOfThrones */,
				4989F58823F34BD30058EF88 /* AppOfThronesTests */,
			);
		};
/* End PBXProject section */

/* Begin PBXResourcesBuildPhase section */
		4989F57123F34BCE0058EF88 /* Resources */ = {
			isa = PBXResourcesBuildPhase;
			buildActionMask = 2147483647;
			files = (
				4942DBB323FF32ED00ECC72D /* season_3.json in Resources */,
				4989F59B23F35E890058EF88 /* RateViewController.xib in Resources */,
				4942DBAF23FF32ED00ECC72D /* season_8.json in Resources */,
				49BAF2A723F602A7005B5534 /* SettingsViewController.xib in Resources */,
				4942DBB523FF32ED00ECC72D /* season_1.json in Resources */,
				4942DBB123FF32ED00ECC72D /* season_2.json in Resources */,
				4956F8FA24044FD200E3F0D5 /* Colors.xcassets in Resources */,
				49A45C5323FB488300474F8D /* CastTableViewCell.xib in Resources */,
				4989F58323F34BD20058EF88 /* LaunchScreen.storyboard in Resources */,
				4942DBB423FF32ED00ECC72D /* houses.json in Resources */,
				49BAF2A323F60214005B5534 /* CastViewController.xib in Resources */,
				4942DBB223FF32ED00ECC72D /* cast.json in Resources */,
				4942DBAE23FF32ED00ECC72D /* season_4.json in Resources */,
				49BAF2B023F60938005B5534 /* HouseViewController.xib in Resources */,
				4942DBB623FF32ED00ECC72D /* season_6.json in Resources */,
				4942DBB023FF32ED00ECC72D /* season_5.json in Resources */,
				49D0379123FC6B7100B80379 /* HouseTableViewCell.xib in Resources */,
				4942DBB723FF32ED00ECC72D /* season_7.json in Resources */,
				49A45C4F23FB31D100474F8D /* EpisodeTableViewCell.xib in Resources */,
				49BAF29A23F5F09D005B5534 /* EpisodesViewController.xib in Resources */,
				4989F58023F34BD20058EF88 /* Assets.xcassets in Resources */,
			);
			runOnlyForDeploymentPostprocessing = 0;
		};
		4989F58723F34BD30058EF88 /* Resources */ = {
			isa = PBXResourcesBuildPhase;
			buildActionMask = 2147483647;
			files = (
			);
			runOnlyForDeploymentPostprocessing = 0;
		};
/* End PBXResourcesBuildPhase section */

/* Begin PBXSourcesBuildPhase section */
		4989F56F23F34BCE0058EF88 /* Sources */ = {
			isa = PBXSourcesBuildPhase;
			buildActionMask = 2147483647;
			files = (
				49A45C4E23FB31D100474F8D /* EpisodeTableViewCell.swift in Sources */,
				4956F8F024044E1900E3F0D5 /* ReusableView.swift in Sources */,
				4989F59923F35E430058EF88 /* RateViewController.swift in Sources */,
				4989F57723F34BCE0058EF88 /* AppDelegate.swift in Sources */,
				490EA46523FC827100953123 /* Rating.swift in Sources */,
				49BAF2A623F602A7005B5534 /* SettingsViewController.swift in Sources */,
				49BAF29D23F5F419005B5534 /* Episode.swift in Sources */,
				4956F8F724044F6200E3F0D5 /* UIColor.swift in Sources */,
				49A45C5223FB488300474F8D /* CastTableViewCell.swift in Sources */,
				49F8AFE124045319009E4BD3 /* EpisodesViewController.swift in Sources */,
				4989F57923F34BCE0058EF88 /* SceneDelegate.swift in Sources */,
				49A45C5523FB4B4800474F8D /* Cast.swift in Sources */,
				49BAF2A223F60214005B5534 /* CastViewController.swift in Sources */,
				4956F8F224044E2F00E3F0D5 /* NibLoadableView.swift in Sources */,
				49A45C5723FB54F700474F8D /* House.swift in Sources */,
				49BCA10F24046CB600498F29 /* Constants.swift in Sources */,
				49A45C5923FB556500474F8D /* DataController.swift in Sources */,
				49BCA112240471C600498F29 /* MainTabBarController.swift in Sources */,
				4956F8EA24044B7C00E3F0D5 /* Identifiable.swift in Sources */,
				49D0379023FC6B7100B80379 /* HouseTableViewCell.swift in Sources */,
				49BAF2AF23F60938005B5534 /* HouseViewController.swift in Sources */,
			);
			runOnlyForDeploymentPostprocessing = 0;
		};
		4989F58523F34BD30058EF88 /* Sources */ = {
			isa = PBXSourcesBuildPhase;
			buildActionMask = 2147483647;
			files = (
				4989F58E23F34BD30058EF88 /* AppOfThronesTests.swift in Sources */,
			);
			runOnlyForDeploymentPostprocessing = 0;
		};
/* End PBXSourcesBuildPhase section */

/* Begin PBXTargetDependency section */
		4989F58B23F34BD30058EF88 /* PBXTargetDependency */ = {
			isa = PBXTargetDependency;
			target = 4989F57223F34BCE0058EF88 /* AppOfThrones */;
			targetProxy = 4989F58A23F34BD30058EF88 /* PBXContainerItemProxy */;
		};
/* End PBXTargetDependency section */

/* Begin PBXVariantGroup section */
		4989F58123F34BD20058EF88 /* LaunchScreen.storyboard */ = {
			isa = PBXVariantGroup;
			children = (
				4989F58223F34BD20058EF88 /* Base */,
			);
			name = LaunchScreen.storyboard;
			sourceTree = "<group>";
		};
/* End PBXVariantGroup section */

/* Begin XCBuildConfiguration section */
		4989F59023F34BD30058EF88 /* Debug */ = {
			isa = XCBuildConfiguration;
			buildSettings = {
				ALWAYS_SEARCH_USER_PATHS = NO;
				CLANG_ANALYZER_NONNULL = YES;
				CLANG_ANALYZER_NUMBER_OBJECT_CONVERSION = YES_AGGRESSIVE;
				CLANG_CXX_LANGUAGE_STANDARD = "gnu++14";
				CLANG_CXX_LIBRARY = "libc++";
				CLANG_ENABLE_MODULES = YES;
				CLANG_ENABLE_OBJC_ARC = YES;
				CLANG_ENABLE_OBJC_WEAK = YES;
				CLANG_WARN_BLOCK_CAPTURE_AUTORELEASING = YES;
				CLANG_WARN_BOOL_CONVERSION = YES;
				CLANG_WARN_COMMA = YES;
				CLANG_WARN_CONSTANT_CONVERSION = YES;
				CLANG_WARN_DEPRECATED_OBJC_IMPLEMENTATIONS = YES;
				CLANG_WARN_DIRECT_OBJC_ISA_USAGE = YES_ERROR;
				CLANG_WARN_DOCUMENTATION_COMMENTS = YES;
				CLANG_WARN_EMPTY_BODY = YES;
				CLANG_WARN_ENUM_CONVERSION = YES;
				CLANG_WARN_INFINITE_RECURSION = YES;
				CLANG_WARN_INT_CONVERSION = YES;
				CLANG_WARN_NON_LITERAL_NULL_CONVERSION = YES;
				CLANG_WARN_OBJC_IMPLICIT_RETAIN_SELF = YES;
				CLANG_WARN_OBJC_LITERAL_CONVERSION = YES;
				CLANG_WARN_OBJC_ROOT_CLASS = YES_ERROR;
				CLANG_WARN_RANGE_LOOP_ANALYSIS = YES;
				CLANG_WARN_STRICT_PROTOTYPES = YES;
				CLANG_WARN_SUSPICIOUS_MOVE = YES;
				CLANG_WARN_UNGUARDED_AVAILABILITY = YES_AGGRESSIVE;
				CLANG_WARN_UNREACHABLE_CODE = YES;
				CLANG_WARN__DUPLICATE_METHOD_MATCH = YES;
				COPY_PHASE_STRIP = NO;
				DEBUG_INFORMATION_FORMAT = dwarf;
				ENABLE_STRICT_OBJC_MSGSEND = YES;
				ENABLE_TESTABILITY = YES;
				GCC_C_LANGUAGE_STANDARD = gnu11;
				GCC_DYNAMIC_NO_PIC = NO;
				GCC_NO_COMMON_BLOCKS = YES;
				GCC_OPTIMIZATION_LEVEL = 0;
				GCC_PREPROCESSOR_DEFINITIONS = (
					"DEBUG=1",
					"$(inherited)",
				);
				GCC_WARN_64_TO_32_BIT_CONVERSION = YES;
				GCC_WARN_ABOUT_RETURN_TYPE = YES_ERROR;
				GCC_WARN_UNDECLARED_SELECTOR = YES;
				GCC_WARN_UNINITIALIZED_AUTOS = YES_AGGRESSIVE;
				GCC_WARN_UNUSED_FUNCTION = YES;
				GCC_WARN_UNUSED_VARIABLE = YES;
				IPHONEOS_DEPLOYMENT_TARGET = 13.2;
				MTL_ENABLE_DEBUG_INFO = INCLUDE_SOURCE;
				MTL_FAST_MATH = YES;
				ONLY_ACTIVE_ARCH = YES;
				SDKROOT = iphoneos;
				SWIFT_ACTIVE_COMPILATION_CONDITIONS = DEBUG;
				SWIFT_OPTIMIZATION_LEVEL = "-Onone";
			};
			name = Debug;
		};
		4989F59123F34BD30058EF88 /* Release */ = {
			isa = XCBuildConfiguration;
			buildSettings = {
				ALWAYS_SEARCH_USER_PATHS = NO;
				CLANG_ANALYZER_NONNULL = YES;
				CLANG_ANALYZER_NUMBER_OBJECT_CONVERSION = YES_AGGRESSIVE;
				CLANG_CXX_LANGUAGE_STANDARD = "gnu++14";
				CLANG_CXX_LIBRARY = "libc++";
				CLANG_ENABLE_MODULES = YES;
				CLANG_ENABLE_OBJC_ARC = YES;
				CLANG_ENABLE_OBJC_WEAK = YES;
				CLANG_WARN_BLOCK_CAPTURE_AUTORELEASING = YES;
				CLANG_WARN_BOOL_CONVERSION = YES;
				CLANG_WARN_COMMA = YES;
				CLANG_WARN_CONSTANT_CONVERSION = YES;
				CLANG_WARN_DEPRECATED_OBJC_IMPLEMENTATIONS = YES;
				CLANG_WARN_DIRECT_OBJC_ISA_USAGE = YES_ERROR;
				CLANG_WARN_DOCUMENTATION_COMMENTS = YES;
				CLANG_WARN_EMPTY_BODY = YES;
				CLANG_WARN_ENUM_CONVERSION = YES;
				CLANG_WARN_INFINITE_RECURSION = YES;
				CLANG_WARN_INT_CONVERSION = YES;
				CLANG_WARN_NON_LITERAL_NULL_CONVERSION = YES;
				CLANG_WARN_OBJC_IMPLICIT_RETAIN_SELF = YES;
				CLANG_WARN_OBJC_LITERAL_CONVERSION = YES;
				CLANG_WARN_OBJC_ROOT_CLASS = YES_ERROR;
				CLANG_WARN_RANGE_LOOP_ANALYSIS = YES;
				CLANG_WARN_STRICT_PROTOTYPES = YES;
				CLANG_WARN_SUSPICIOUS_MOVE = YES;
				CLANG_WARN_UNGUARDED_AVAILABILITY = YES_AGGRESSIVE;
				CLANG_WARN_UNREACHABLE_CODE = YES;
				CLANG_WARN__DUPLICATE_METHOD_MATCH = YES;
				COPY_PHASE_STRIP = NO;
				DEBUG_INFORMATION_FORMAT = "dwarf-with-dsym";
				ENABLE_NS_ASSERTIONS = NO;
				ENABLE_STRICT_OBJC_MSGSEND = YES;
				GCC_C_LANGUAGE_STANDARD = gnu11;
				GCC_NO_COMMON_BLOCKS = YES;
				GCC_WARN_64_TO_32_BIT_CONVERSION = YES;
				GCC_WARN_ABOUT_RETURN_TYPE = YES_ERROR;
				GCC_WARN_UNDECLARED_SELECTOR = YES;
				GCC_WARN_UNINITIALIZED_AUTOS = YES_AGGRESSIVE;
				GCC_WARN_UNUSED_FUNCTION = YES;
				GCC_WARN_UNUSED_VARIABLE = YES;
				IPHONEOS_DEPLOYMENT_TARGET = 13.2;
				MTL_ENABLE_DEBUG_INFO = NO;
				MTL_FAST_MATH = YES;
				SDKROOT = iphoneos;
				SWIFT_COMPILATION_MODE = wholemodule;
				SWIFT_OPTIMIZATION_LEVEL = "-O";
				VALIDATE_PRODUCT = YES;
			};
			name = Release;
		};
		4989F59323F34BD30058EF88 /* Debug */ = {
			isa = XCBuildConfiguration;
			buildSettings = {
				ASSETCATALOG_COMPILER_APPICON_NAME = AppIcon;
				CODE_SIGN_STYLE = Automatic;
				INFOPLIST_FILE = AppOfThrones/Info.plist;
				LD_RUNPATH_SEARCH_PATHS = (
					"$(inherited)",
					"@executable_path/Frameworks",
				);
				PRODUCT_BUNDLE_IDENTIFIER = com.laguna.AppOfThrones;
				PRODUCT_NAME = "$(TARGET_NAME)";
				SWIFT_VERSION = 5.0;
				TARGETED_DEVICE_FAMILY = "1,2";
			};
			name = Debug;
		};
		4989F59423F34BD30058EF88 /* Release */ = {
			isa = XCBuildConfiguration;
			buildSettings = {
				ASSETCATALOG_COMPILER_APPICON_NAME = AppIcon;
				CODE_SIGN_STYLE = Automatic;
				INFOPLIST_FILE = AppOfThrones/Info.plist;
				LD_RUNPATH_SEARCH_PATHS = (
					"$(inherited)",
					"@executable_path/Frameworks",
				);
				PRODUCT_BUNDLE_IDENTIFIER = com.laguna.AppOfThrones;
				PRODUCT_NAME = "$(TARGET_NAME)";
				SWIFT_VERSION = 5.0;
				TARGETED_DEVICE_FAMILY = "1,2";
			};
			name = Release;
		};
		4989F59623F34BD30058EF88 /* Debug */ = {
			isa = XCBuildConfiguration;
			buildSettings = {
				ALWAYS_EMBED_SWIFT_STANDARD_LIBRARIES = YES;
				BUNDLE_LOADER = "$(TEST_HOST)";
				CODE_SIGN_STYLE = Automatic;
				INFOPLIST_FILE = AppOfThronesTests/Info.plist;
				IPHONEOS_DEPLOYMENT_TARGET = 13.2;
				LD_RUNPATH_SEARCH_PATHS = (
					"$(inherited)",
					"@executable_path/Frameworks",
					"@loader_path/Frameworks",
				);
				PRODUCT_BUNDLE_IDENTIFIER = com.laguna.AppOfThronesTests;
				PRODUCT_NAME = "$(TARGET_NAME)";
				SWIFT_VERSION = 5.0;
				TARGETED_DEVICE_FAMILY = "1,2";
				TEST_HOST = "$(BUILT_PRODUCTS_DIR)/AppOfThrones.app/AppOfThrones";
			};
			name = Debug;
		};
		4989F59723F34BD30058EF88 /* Release */ = {
			isa = XCBuildConfiguration;
			buildSettings = {
				ALWAYS_EMBED_SWIFT_STANDARD_LIBRARIES = YES;
				BUNDLE_LOADER = "$(TEST_HOST)";
				CODE_SIGN_STYLE = Automatic;
				INFOPLIST_FILE = AppOfThronesTests/Info.plist;
				IPHONEOS_DEPLOYMENT_TARGET = 13.2;
				LD_RUNPATH_SEARCH_PATHS = (
					"$(inherited)",
					"@executable_path/Frameworks",
					"@loader_path/Frameworks",
				);
				PRODUCT_BUNDLE_IDENTIFIER = com.laguna.AppOfThronesTests;
				PRODUCT_NAME = "$(TARGET_NAME)";
				SWIFT_VERSION = 5.0;
				TARGETED_DEVICE_FAMILY = "1,2";
				TEST_HOST = "$(BUILT_PRODUCTS_DIR)/AppOfThrones.app/AppOfThrones";
			};
			name = Release;
		};
/* End XCBuildConfiguration section */

/* Begin XCConfigurationList section */
		4989F56E23F34BCE0058EF88 /* Build configuration list for PBXProject "AppOfThrones" */ = {
			isa = XCConfigurationList;
			buildConfigurations = (
				4989F59023F34BD30058EF88 /* Debug */,
				4989F59123F34BD30058EF88 /* Release */,
			);
			defaultConfigurationIsVisible = 0;
			defaultConfigurationName = Release;
		};
		4989F59223F34BD30058EF88 /* Build configuration list for PBXNativeTarget "AppOfThrones" */ = {
			isa = XCConfigurationList;
			buildConfigurations = (
				4989F59323F34BD30058EF88 /* Debug */,
				4989F59423F34BD30058EF88 /* Release */,
			);
			defaultConfigurationIsVisible = 0;
			defaultConfigurationName = Release;
		};
		4989F59523F34BD30058EF88 /* Build configuration list for PBXNativeTarget "AppOfThronesTests" */ = {
			isa = XCConfigurationList;
			buildConfigurations = (
				4989F59623F34BD30058EF88 /* Debug */,
				4989F59723F34BD30058EF88 /* Release */,
			);
			defaultConfigurationIsVisible = 0;
			defaultConfigurationName = Release;
		};
/* End XCConfigurationList section */
	};
	rootObject = 4989F56B23F34BCE0058EF88 /* Project object */;
}
